// !$*UTF8*$!
{
	archiveVersion = 1;
	classes = {
	};
	objectVersion = 46;
	objects = {

/* Begin PBXBuildFile section */
		EAF07D351C4F3D110065F36B /* main.m in Sources */ = {isa = PBXBuildFile; fileRef = EAF07D341C4F3D110065F36B /* main.m */; };
		EAF07D381C4F3D110065F36B /* AppDelegate.m in Sources */ = {isa = PBXBuildFile; fileRef = EAF07D371C4F3D110065F36B /* AppDelegate.m */; };
		EAF07D3B1C4F3D110065F36B /* ViewController.m in Sources */ = {isa = PBXBuildFile; fileRef = EAF07D3A1C4F3D110065F36B /* ViewController.m */; };
		EAF07D3E1C4F3D110065F36B /* Main.storyboard in Resources */ = {isa = PBXBuildFile; fileRef = EAF07D3C1C4F3D110065F36B /* Main.storyboard */; };
		EAF07D401C4F3D110065F36B /* Assets.xcassets in Resources */ = {isa = PBXBuildFile; fileRef = EAF07D3F1C4F3D110065F36B /* Assets.xcassets */; };
		EAF07D431C4F3D110065F36B /* LaunchScreen.storyboard in Resources */ = {isa = PBXBuildFile; fileRef = EAF07D411C4F3D110065F36B /* LaunchScreen.storyboard */; };
		EAF07D4B1C4F44790065F36B /* RegisterCell.xib in Resources */ = {isa = PBXBuildFile; fileRef = EAF07D4A1C4F44790065F36B /* RegisterCell.xib */; };
		EAF07D4E1C4F45340065F36B /* RegisterFieldCell.m in Sources */ = {isa = PBXBuildFile; fileRef = EAF07D4D1C4F45340065F36B /* RegisterFieldCell.m */; };
		EAF07D511C4F4C1A0065F36B /* BseCampViewController.m in Sources */ = {isa = PBXBuildFile; fileRef = EAF07D501C4F4C1A0065F36B /* BseCampViewController.m */; };
		EAF07D541C4F4C3B0065F36B /* ChatViewController.m in Sources */ = {isa = PBXBuildFile; fileRef = EAF07D531C4F4C3B0065F36B /* ChatViewController.m */; };
/* End PBXBuildFile section */

/* Begin PBXFileReference section */
		EAF07D301C4F3D110065F36B /* NocTalk.app */ = {isa = PBXFileReference; explicitFileType = wrapper.application; includeInIndex = 0; path = NocTalk.app; sourceTree = BUILT_PRODUCTS_DIR; };
		EAF07D341C4F3D110065F36B /* main.m */ = {isa = PBXFileReference; lastKnownFileType = sourcecode.c.objc; path = main.m; sourceTree = "<group>"; };
		EAF07D361C4F3D110065F36B /* AppDelegate.h */ = {isa = PBXFileReference; lastKnownFileType = sourcecode.c.h; path = AppDelegate.h; sourceTree = "<group>"; };
		EAF07D371C4F3D110065F36B /* AppDelegate.m */ = {isa = PBXFileReference; lastKnownFileType = sourcecode.c.objc; path = AppDelegate.m; sourceTree = "<group>"; };
		EAF07D391C4F3D110065F36B /* ViewController.h */ = {isa = PBXFileReference; lastKnownFileType = sourcecode.c.h; path = ViewController.h; sourceTree = "<group>"; };
		EAF07D3A1C4F3D110065F36B /* ViewController.m */ = {isa = PBXFileReference; lastKnownFileType = sourcecode.c.objc; path = ViewController.m; sourceTree = "<group>"; };
		EAF07D3D1C4F3D110065F36B /* Base */ = {isa = PBXFileReference; lastKnownFileType = file.storyboard; name = Base; path = Base.lproj/Main.storyboard; sourceTree = "<group>"; };
		EAF07D3F1C4F3D110065F36B /* Assets.xcassets */ = {isa = PBXFileReference; lastKnownFileType = folder.assetcatalog; path = Assets.xcassets; sourceTree = "<group>"; };
		EAF07D421C4F3D110065F36B /* Base */ = {isa = PBXFileReference; lastKnownFileType = file.storyboard; name = Base; path = Base.lproj/LaunchScreen.storyboard; sourceTree = "<group>"; };
		EAF07D441C4F3D110065F36B /* Info.plist */ = {isa = PBXFileReference; lastKnownFileType = text.plist.xml; path = Info.plist; sourceTree = "<group>"; };
		EAF07D4A1C4F44790065F36B /* RegisterCell.xib */ = {isa = PBXFileReference; fileEncoding = 4; lastKnownFileType = file.xib; path = RegisterCell.xib; sourceTree = "<group>"; };
		EAF07D4C1C4F45340065F36B /* RegisterFieldCell.h */ = {isa = PBXFileReference; fileEncoding = 4; lastKnownFileType = sourcecode.c.h; path = RegisterFieldCell.h; sourceTree = "<group>"; };
		EAF07D4D1C4F45340065F36B /* RegisterFieldCell.m */ = {isa = PBXFileReference; fileEncoding = 4; lastKnownFileType = sourcecode.c.objc; path = RegisterFieldCell.m; sourceTree = "<group>"; };
		EAF07D4F1C4F4C1A0065F36B /* BseCampViewController.h */ = {isa = PBXFileReference; fileEncoding = 4; lastKnownFileType = sourcecode.c.h; path = BseCampViewController.h; sourceTree = "<group>"; };
		EAF07D501C4F4C1A0065F36B /* BseCampViewController.m */ = {isa = PBXFileReference; fileEncoding = 4; lastKnownFileType = sourcecode.c.objc; path = BseCampViewController.m; sourceTree = "<group>"; };
		EAF07D521C4F4C3B0065F36B /* ChatViewController.h */ = {isa = PBXFileReference; fileEncoding = 4; lastKnownFileType = sourcecode.c.h; path = ChatViewController.h; sourceTree = "<group>"; };
		EAF07D531C4F4C3B0065F36B /* ChatViewController.m */ = {isa = PBXFileReference; fileEncoding = 4; lastKnownFileType = sourcecode.c.objc; path = ChatViewController.m; sourceTree = "<group>"; };
/* End PBXFileReference section */

/* Begin PBXFrameworksBuildPhase section */
		EAF07D2D1C4F3D110065F36B /* Frameworks */ = {
			isa = PBXFrameworksBuildPhase;
			buildActionMask = 2147483647;
			files = (
			);
			runOnlyForDeploymentPostprocessing = 0;
		};
/* End PBXFrameworksBuildPhase section */

/* Begin PBXGroup section */
		EAF07D271C4F3D110065F36B = {
			isa = PBXGroup;
			children = (
				EAF07D321C4F3D110065F36B /* NocTalk */,
				EAF07D311C4F3D110065F36B /* Products */,
			);
			sourceTree = "<group>";
		};
		EAF07D311C4F3D110065F36B /* Products */ = {
			isa = PBXGroup;
			children = (
				EAF07D301C4F3D110065F36B /* NocTalk.app */,
			);
			name = Products;
			sourceTree = "<group>";
		};
		EAF07D321C4F3D110065F36B /* NocTalk */ = {
			isa = PBXGroup;
			children = (
				EAF07D361C4F3D110065F36B /* AppDelegate.h */,
				EAF07D371C4F3D110065F36B /* AppDelegate.m */,
				EAF07D4F1C4F4C1A0065F36B /* BseCampViewController.h */,
				EAF07D501C4F4C1A0065F36B /* BseCampViewController.m */,
				EAF07D521C4F4C3B0065F36B /* ChatViewController.h */,
				EAF07D531C4F4C3B0065F36B /* ChatViewController.m */,
				EAF07D391C4F3D110065F36B /* ViewController.h */,
				EAF07D3A1C4F3D110065F36B /* ViewController.m */,
				EAF07D4C1C4F45340065F36B /* RegisterFieldCell.h */,
				EAF07D4D1C4F45340065F36B /* RegisterFieldCell.m */,
				EAF07D3C1C4F3D110065F36B /* Main.storyboard */,
				EAF07D4A1C4F44790065F36B /* RegisterCell.xib */,
				EAF07D3F1C4F3D110065F36B /* Assets.xcassets */,
				EAF07D411C4F3D110065F36B /* LaunchScreen.storyboard */,
				EAF07D441C4F3D110065F36B /* Info.plist */,
				EAF07D331C4F3D110065F36B /* Supporting Files */,
			);
			path = NocTalk;
			sourceTree = "<group>";
		};
		EAF07D331C4F3D110065F36B /* Supporting Files */ = {
			isa = PBXGroup;
			children = (
				EAF07D341C4F3D110065F36B /* main.m */,
			);
			name = "Supporting Files";
			sourceTree = "<group>";
		};
/* End PBXGroup section */

/* Begin PBXNativeTarget section */
		EAF07D2F1C4F3D110065F36B /* NocTalk */ = {
			isa = PBXNativeTarget;
			buildConfigurationList = EAF07D471C4F3D110065F36B /* Build configuration list for PBXNativeTarget "NocTalk" */;
			buildPhases = (
				EAF07D2C1C4F3D110065F36B /* Sources */,
				EAF07D2D1C4F3D110065F36B /* Frameworks */,
				EAF07D2E1C4F3D110065F36B /* Resources */,
			);
			buildRules = (
			);
			dependencies = (
			);
			name = NocTalk;
			productName = NocTalk;
			productReference = EAF07D301C4F3D110065F36B /* NocTalk.app */;
			productType = "com.apple.product-type.application";
		};
/* End PBXNativeTarget section */

/* Begin PBXProject section */
		EAF07D281C4F3D110065F36B /* Project object */ = {
			isa = PBXProject;
			attributes = {
				LastUpgradeCheck = 0720;
				ORGANIZATIONNAME = MemeTownUSA;
				TargetAttributes = {
					EAF07D2F1C4F3D110065F36B = {
						CreatedOnToolsVersion = 7.2;
					};
				};
			};
			buildConfigurationList = EAF07D2B1C4F3D110065F36B /* Build configuration list for PBXProject "NocTalk" */;
			compatibilityVersion = "Xcode 3.2";
			developmentRegion = English;
			hasScannedForEncodings = 0;
			knownRegions = (
				en,
				Base,
			);
			mainGroup = EAF07D271C4F3D110065F36B;
			productRefGroup = EAF07D311C4F3D110065F36B /* Products */;
			projectDirPath = "";
			projectRoot = "";
			targets = (
				EAF07D2F1C4F3D110065F36B /* NocTalk */,
			);
		};
/* End PBXProject section */

/* Begin PBXResourcesBuildPhase section */
		EAF07D2E1C4F3D110065F36B /* Resources */ = {
			isa = PBXResourcesBuildPhase;
			buildActionMask = 2147483647;
			files = (
				EAF07D431C4F3D110065F36B /* LaunchScreen.storyboard in Resources */,
				EAF07D401C4F3D110065F36B /* Assets.xcassets in Resources */,
				EAF07D4B1C4F44790065F36B /* RegisterCell.xib in Resources */,
				EAF07D3E1C4F3D110065F36B /* Main.storyboard in Resources */,
			);
			runOnlyForDeploymentPostprocessing = 0;
		};
/* End PBXResourcesBuildPhase section */

/* Begin PBXSourcesBuildPhase section */
		EAF07D2C1C4F3D110065F36B /* Sources */ = {
			isa = PBXSourcesBuildPhase;
			buildActionMask = 2147483647;
			files = (
				EAF07D3B1C4F3D110065F36B /* ViewController.m in Sources */,
				EAF07D381C4F3D110065F36B /* AppDelegate.m in Sources */,
				EAF07D541C4F4C3B0065F36B /* ChatViewController.m in Sources */,
				EAF07D351C4F3D110065F36B /* main.m in Sources */,
				EAF07D511C4F4C1A0065F36B /* BseCampViewController.m in Sources */,
				EAF07D4E1C4F45340065F36B /* RegisterFieldCell.m in Sources */,
			);
			runOnlyForDeploymentPostprocessing = 0;
		};
/* End PBXSourcesBuildPhase section */

/* Begin PBXVariantGroup section */
		EAF07D3C1C4F3D110065F36B /* Main.storyboard */ = {
			isa = PBXVariantGroup;
			children = (
				EAF07D3D1C4F3D110065F36B /* Base */,
			);
			name = Main.storyboard;
			sourceTree = "<group>";
		};
		EAF07D411C4F3D110065F36B /* LaunchScreen.storyboard */ = {
			isa = PBXVariantGroup;
			children = (
				EAF07D421C4F3D110065F36B /* Base */,
			);
			name = LaunchScreen.storyboard;
			sourceTree = "<group>";
		};
/* End PBXVariantGroup section */

/* Begin XCBuildConfiguration section */
		EAF07D451C4F3D110065F36B /* Debug */ = {
			isa = XCBuildConfiguration;
			buildSettings = {
				ALWAYS_SEARCH_USER_PATHS = NO;
				CLANG_CXX_LANGUAGE_STANDARD = "gnu++0x";
				CLANG_CXX_LIBRARY = "libc++";
				CLANG_ENABLE_MODULES = YES;
				CLANG_ENABLE_OBJC_ARC = YES;
				CLANG_WARN_BOOL_CONVERSION = YES;
				CLANG_WARN_CONSTANT_CONVERSION = YES;
				CLANG_WARN_DIRECT_OBJC_ISA_USAGE = YES_ERROR;
				CLANG_WARN_EMPTY_BODY = YES;
				CLANG_WARN_ENUM_CONVERSION = YES;
				CLANG_WARN_INT_CONVERSION = YES;
				CLANG_WARN_OBJC_ROOT_CLASS = YES_ERROR;
				CLANG_WARN_UNREACHABLE_CODE = YES;
				CLANG_WARN__DUPLICATE_METHOD_MATCH = YES;
				"CODE_SIGN_IDENTITY[sdk=iphoneos*]" = "iPhone Developer";
				COPY_PHASE_STRIP = NO;
				DEBUG_INFORMATION_FORMAT = dwarf;
				ENABLE_STRICT_OBJC_MSGSEND = YES;
				ENABLE_TESTABILITY = YES;
				GCC_C_LANGUAGE_STANDARD = gnu99;
				GCC_DYNAMIC_NO_PIC = NO;
				GCC_NO_COMMON_BLOCKS = YES;
				GCC_OPTIMIZATION_LEVEL = 0;
				GCC_PREPROCESSOR_DEFINITIONS = (
					"DEBUG=1",
					"$(inherited)",
				);
				GCC_WARN_64_TO_32_BIT_CONVERSION = YES;
				GCC_WARN_ABOUT_RETURN_TYPE = YES_ERROR;
				GCC_WARN_UNDECLARED_SELECTOR = YES;
				GCC_WARN_UNINITIALIZED_AUTOS = YES_AGGRESSIVE;
				GCC_WARN_UNUSED_FUNCTION = YES;
				GCC_WARN_UNUSED_VARIABLE = YES;
				IPHONEOS_DEPLOYMENT_TARGET = 9.2;
				MTL_ENABLE_DEBUG_INFO = YES;
				ONLY_ACTIVE_ARCH = YES;
				SDKROOT = iphoneos;
			};
			name = Debug;
		};
		EAF07D461C4F3D110065F36B /* Release */ = {
			isa = XCBuildConfiguration;
			buildSettings = {
				ALWAYS_SEARCH_USER_PATHS = NO;
				CLANG_CXX_LANGUAGE_STANDARD = "gnu++0x";
				CLANG_CXX_LIBRARY = "libc++";
				CLANG_ENABLE_MODULES = YES;
				CLANG_ENABLE_OBJC_ARC = YES;
				CLANG_WARN_BOOL_CONVERSION = YES;
				CLANG_WARN_CONSTANT_CONVERSION = YES;
				CLANG_WARN_DIRECT_OBJC_ISA_USAGE = YES_ERROR;
				CLANG_WARN_EMPTY_BODY = YES;
				CLANG_WARN_ENUM_CONVERSION = YES;
				CLANG_WARN_INT_CONVERSION = YES;
				CLANG_WARN_OBJC_ROOT_CLASS = YES_ERROR;
				CLANG_WARN_UNREACHABLE_CODE = YES;
				CLANG_WARN__DUPLICATE_METHOD_MATCH = YES;
				"CODE_SIGN_IDENTITY[sdk=iphoneos*]" = "iPhone Developer";
				COPY_PHASE_STRIP = NO;
				DEBUG_INFORMATION_FORMAT = "dwarf-with-dsym";
				ENABLE_NS_ASSERTIONS = NO;
				ENABLE_STRICT_OBJC_MSGSEND = YES;
				GCC_C_LANGUAGE_STANDARD = gnu99;
				GCC_NO_COMMON_BLOCKS = YES;
				GCC_WARN_64_TO_32_BIT_CONVERSION = YES;
				GCC_WARN_ABOUT_RETURN_TYPE = YES_ERROR;
				GCC_WARN_UNDECLARED_SELECTOR = YES;
				GCC_WARN_UNINITIALIZED_AUTOS = YES_AGGRESSIVE;
				GCC_WARN_UNUSED_FUNCTION = YES;
				GCC_WARN_UNUSED_VARIABLE = YES;
				IPHONEOS_DEPLOYMENT_TARGET = 9.2;
				MTL_ENABLE_DEBUG_INFO = NO;
				SDKROOT = iphoneos;
				VALIDATE_PRODUCT = YES;
			};
			name = Release;
		};
		EAF07D481C4F3D110065F36B /* Debug */ = {
			isa = XCBuildConfiguration;
			buildSettings = {
				ASSETCATALOG_COMPILER_APPICON_NAME = AppIcon;
				INFOPLIST_FILE = NocTalk/Info.plist;
				LD_RUNPATH_SEARCH_PATHS = "$(inherited) @executable_path/Frameworks";
				PRODUCT_BUNDLE_IDENTIFIER = MemeTownUSA.NocTalk;
				PRODUCT_NAME = "$(TARGET_NAME)";
			};
			name = Debug;
		};
		EAF07D491C4F3D110065F36B /* Release */ = {
			isa = XCBuildConfiguration;
			buildSettings = {
				ASSETCATALOG_COMPILER_APPICON_NAME = AppIcon;
				INFOPLIST_FILE = NocTalk/Info.plist;
				LD_RUNPATH_SEARCH_PATHS = "$(inherited) @executable_path/Frameworks";
				PRODUCT_BUNDLE_IDENTIFIER = MemeTownUSA.NocTalk;
				PRODUCT_NAME = "$(TARGET_NAME)";
			};
			name = Release;
		};
/* End XCBuildConfiguration section */

/* Begin XCConfigurationList section */
		EAF07D2B1C4F3D110065F36B /* Build configuration list for PBXProject "NocTalk" */ = {
			isa = XCConfigurationList;
			buildConfigurations = (
				EAF07D451C4F3D110065F36B /* Debug */,
				EAF07D461C4F3D110065F36B /* Release */,
			);
			defaultConfigurationIsVisible = 0;
			defaultConfigurationName = Release;
		};
		EAF07D471C4F3D110065F36B /* Build configuration list for PBXNativeTarget "NocTalk" */ = {
			isa = XCConfigurationList;
			buildConfigurations = (
				EAF07D481C4F3D110065F36B /* Debug */,
				EAF07D491C4F3D110065F36B /* Release */,
			);
			defaultConfigurationIsVisible = 0;
			defaultConfigurationName = Release;
		};
/* End XCConfigurationList section */
	};
	rootObject = EAF07D281C4F3D110065F36B /* Project object */;
}
